
Microsoft Visual Studio Solution File, Format Version 12.00
# Visual Studio 2012
Project("{FAE04EC0-301F-11D3-BF4B-00C04F79EFBC}") = "FlowerPower", "FlowerPower\FlowerPower.csproj", "{32F191EA-712C-4B87-97AC-28B5F87B3D59}"
EndProject
Project("{FAE04EC0-301F-11D3-BF4B-00C04F79EFBC}") = "FlowerPower.Tests", "FlowerPower.Tests\FlowerPower.Tests.csproj", "{DB6C8E67-EEAE-48AE-853B-284D38DAEEB6}"
EndProject
Global
	GlobalSection(SolutionConfigurationPlatforms) = preSolution
		Debug|Any CPU = Debug|Any CPU
		Release|Any CPU = Release|Any CPU
	EndGlobalSection
	GlobalSection(ProjectConfigurationPlatforms) = postSolution
		{32F191EA-712C-4B87-97AC-28B5F87B3D59}.Debug|Any CPU.ActiveCfg = Debug|Any CPU
		{32F191EA-712C-4B87-97AC-28B5F87B3D59}.Debug|Any CPU.Build.0 = Debug|Any CPU
		{32F191EA-712C-4B87-97AC-28B5F87B3D59}.Release|Any CPU.ActiveCfg = Release|Any CPU
		{32F191EA-712C-4B87-97AC-28B5F87B3D59}.Release|Any CPU.Build.0 = Release|Any CPU
		{DB6C8E67-EEAE-48AE-853B-284D38DAEEB6}.Debug|Any CPU.ActiveCfg = Debug|Any CPU
		{DB6C8E67-EEAE-48AE-853B-284D38DAEEB6}.Debug|Any CPU.Build.0 = Debug|Any CPU
		{DB6C8E67-EEAE-48AE-853B-284D38DAEEB6}.Release|Any CPU.ActiveCfg = Release|Any CPU
		{DB6C8E67-EEAE-48AE-853B-284D38DAEEB6}.Release|Any CPU.Build.0 = Release|Any CPU
	EndGlobalSection
	GlobalSection(SolutionProperties) = preSolution
		HideSolutionNode = FALSE
	EndGlobalSection
EndGlobal
